
Microsoft Visual Studio Solution File, Format Version 12.00
# Visual Studio Version 17
VisualStudioVersion = 17.2.32519.379
MinimumVisualStudioVersion = 10.0.40219.1
Project("{FAE04EC0-301F-11D3-BF4B-00C04F79EFBC}") = "Tiket", "Tiketv1.0\Tiket.csproj", "{2D8B676B-179A-49A2-96EE-A6F02D16FBED}"
EndProject
Global
	GlobalSection(SolutionConfigurationPlatforms) = preSolution
		Debug|Any CPU = Debug|Any CPU
		Release|Any CPU = Release|Any CPU
	EndGlobalSection
	GlobalSection(ProjectConfigurationPlatforms) = postSolution
		{2D8B676B-179A-49A2-96EE-A6F02D16FBED}.Debug|Any CPU.ActiveCfg = Debug|Any CPU
		{2D8B676B-179A-49A2-96EE-A6F02D16FBED}.Debug|Any CPU.Build.0 = Debug|Any CPU
		{2D8B676B-179A-49A2-96EE-A6F02D16FBED}.Release|Any CPU.ActiveCfg = Release|Any CPU
		{2D8B676B-179A-49A2-96EE-A6F02D16FBED}.Release|Any CPU.Build.0 = Release|Any CPU
	EndGlobalSection
	GlobalSection(SolutionProperties) = preSolution
		HideSolutionNode = FALSE
	EndGlobalSection
	GlobalSection(ExtensibilityGlobals) = postSolution
		SolutionGuid = {8C0BC3D9-8AC4-45CB-B444-31E69065BC3B}
	EndGlobalSection
EndGlobal
